
Microsoft Visual Studio Solution File, Format Version 12.00
# Visual Studio Version 17
VisualStudioVersion = 17.6.33723.286
MinimumVisualStudioVersion = 10.0.40219.1
Project("{9A19103F-16F7-4668-BE54-9A1E7A4F7556}") = "MainProj", "MainProj\MainProj.csproj", "{3DEB884F-DAEB-43AD-9156-64DDB69C802E}"
EndProject
Project("{9A19103F-16F7-4668-BE54-9A1E7A4F7556}") = "StringExtensions", "..\submodules\submodule1\StringExtensions\StringExtensions\StringExtensions.csproj", "{0BCCD627-6B60-4432-86C9-DB12EC173BAC}"
EndProject
Global
	GlobalSection(SolutionConfigurationPlatforms) = preSolution
		Debug|Any CPU = Debug|Any CPU
		Release|Any CPU = Release|Any CPU
	EndGlobalSection
	GlobalSection(ProjectConfigurationPlatforms) = postSolution
		{3DEB884F-DAEB-43AD-9156-64DDB69C802E}.Debug|Any CPU.ActiveCfg = Debug|Any CPU
		{3DEB884F-DAEB-43AD-9156-64DDB69C802E}.Debug|Any CPU.Build.0 = Debug|Any CPU
		{3DEB884F-DAEB-43AD-9156-64DDB69C802E}.Release|Any CPU.ActiveCfg = Release|Any CPU
		{3DEB884F-DAEB-43AD-9156-64DDB69C802E}.Release|Any CPU.Build.0 = Release|Any CPU
		{0BCCD627-6B60-4432-86C9-DB12EC173BAC}.Debug|Any CPU.ActiveCfg = Debug|Any CPU
		{0BCCD627-6B60-4432-86C9-DB12EC173BAC}.Debug|Any CPU.Build.0 = Debug|Any CPU
		{0BCCD627-6B60-4432-86C9-DB12EC173BAC}.Release|Any CPU.ActiveCfg = Release|Any CPU
		{0BCCD627-6B60-4432-86C9-DB12EC173BAC}.Release|Any CPU.Build.0 = Release|Any CPU
	EndGlobalSection
	GlobalSection(SolutionProperties) = preSolution
		HideSolutionNode = FALSE
	EndGlobalSection
	GlobalSection(ExtensibilityGlobals) = postSolution
		SolutionGuid = {EA6F914E-1295-44B0-9898-1039905B517E}
	EndGlobalSection
EndGlobal
